
Microsoft Visual Studio Solution File, Format Version 12.00
# Visual Studio Version 16
VisualStudioVersion = 16.0.29209.62
MinimumVisualStudioVersion = 10.0.40219.1
Project("{FAE04EC0-301F-11D3-BF4B-00C04F79EFBC}") = "OSDPayslip.Web", "OSDPayslip.Web\OSDPayslip.Web.csproj", "{B6083B9B-9961-4DD5-BA87-35AB3A0AFC26}"
EndProject
Global
	GlobalSection(SolutionConfigurationPlatforms) = preSolution
		Debug|Any CPU = Debug|Any CPU
		Release|Any CPU = Release|Any CPU
	EndGlobalSection
	GlobalSection(ProjectConfigurationPlatforms) = postSolution
		{B6083B9B-9961-4DD5-BA87-35AB3A0AFC26}.Debug|Any CPU.ActiveCfg = Debug|Any CPU
		{B6083B9B-9961-4DD5-BA87-35AB3A0AFC26}.Debug|Any CPU.Build.0 = Debug|Any CPU
		{B6083B9B-9961-4DD5-BA87-35AB3A0AFC26}.Release|Any CPU.ActiveCfg = Release|Any CPU
		{B6083B9B-9961-4DD5-BA87-35AB3A0AFC26}.Release|Any CPU.Build.0 = Release|Any CPU
	EndGlobalSection
	GlobalSection(SolutionProperties) = preSolution
		HideSolutionNode = FALSE
	EndGlobalSection
	GlobalSection(ExtensibilityGlobals) = postSolution
		SolutionGuid = {665C5D4E-93B8-45AE-A027-40DDD67CC342}
	EndGlobalSection
EndGlobal
